
Microsoft Visual Studio Solution File, Format Version 12.00
# Visual Studio Version 16
VisualStudioVersion = 16.0.29306.81
MinimumVisualStudioVersion = 10.0.40219.1
Project("{9A19103F-16F7-4668-BE54-9A1E7A4F7556}") = "Day1", "Day1\Day1.csproj", "{E6BF094B-D66F-4B4D-AB2F-5ED30464D70F}"
EndProject
Project("{9A19103F-16F7-4668-BE54-9A1E7A4F7556}") = "Day1Test", "Day1Test\Day1Test.csproj", "{08ED37FC-8D9D-443A-BC03-96E1669AB371}"
EndProject
Project("{9A19103F-16F7-4668-BE54-9A1E7A4F7556}") = "Day2", "Day2\Day2.csproj", "{35DD5771-E145-4300-AA2A-59A850C26BA7}"
EndProject
Project("{9A19103F-16F7-4668-BE54-9A1E7A4F7556}") = "Day2Test", "Day2Test\Day2Test.csproj", "{49103B40-0EF8-431F-9524-B999ECE6DA67}"
EndProject
Project("{9A19103F-16F7-4668-BE54-9A1E7A4F7556}") = "Day3", "Day3\Day3.csproj", "{D0FD112F-A337-4028-B8D4-105D48FF9BFB}"
EndProject
Project("{9A19103F-16F7-4668-BE54-9A1E7A4F7556}") = "Day3Test", "Day3Test\Day3Test.csproj", "{D3E2AD08-70DF-42CD-A159-C2257825B7EB}"
EndProject
Project("{9A19103F-16F7-4668-BE54-9A1E7A4F7556}") = "Day4", "Day4\src\Day4\Day4.csproj", "{8DAFDFAF-4DC0-45F0-8F49-EAE3E09647AD}"
EndProject
Project("{9A19103F-16F7-4668-BE54-9A1E7A4F7556}") = "Day4Test", "Day4\test\Day4Test\Day4Test.csproj", "{0CD6C6C1-DC97-4710-88A3-902C880030FD}"
EndProject
Project("{2150E333-8FDC-42A3-9474-1A3956D46DE8}") = "Day04", "Day04", "{2503A071-3C5D-413F-961E-D5F660089D66}"
EndProject
Project("{2150E333-8FDC-42A3-9474-1A3956D46DE8}") = "Day01", "Day01", "{405A61FF-0397-407B-8974-92F87F22CD90}"
EndProject
Project("{2150E333-8FDC-42A3-9474-1A3956D46DE8}") = "Day02", "Day02", "{843E122D-D6E0-4565-8888-CB342AECE0A9}"
EndProject
Project("{2150E333-8FDC-42A3-9474-1A3956D46DE8}") = "Day03", "Day03", "{53C31165-B3FF-46E0-97D0-2398181AF366}"
EndProject
Project("{2150E333-8FDC-42A3-9474-1A3956D46DE8}") = "Day05", "Day05", "{912F0AEB-158E-4F82-8DFC-600F7A7E4DA1}"
EndProject
Project("{FAE04EC0-301F-11D3-BF4B-00C04F79EFBC}") = "IntcodeComputer2", "IntcodeComputer2\IntcodeComputer2.csproj", "{E2F16C8F-3A3A-4A8F-B83A-3AD49A4CB59E}"
EndProject
Project("{FAE04EC0-301F-11D3-BF4B-00C04F79EFBC}") = "IntcodeComputer2Test", "IntcodeComputer2Test\IntcodeComputer2Test.csproj", "{5F53AC35-37EC-406F-9DA0-4C4428CBFAA8}"
EndProject
Global
	GlobalSection(SolutionConfigurationPlatforms) = preSolution
		Debug|Any CPU = Debug|Any CPU
		Release|Any CPU = Release|Any CPU
	EndGlobalSection
	GlobalSection(ProjectConfigurationPlatforms) = postSolution
		{E6BF094B-D66F-4B4D-AB2F-5ED30464D70F}.Debug|Any CPU.ActiveCfg = Debug|Any CPU
		{E6BF094B-D66F-4B4D-AB2F-5ED30464D70F}.Debug|Any CPU.Build.0 = Debug|Any CPU
		{E6BF094B-D66F-4B4D-AB2F-5ED30464D70F}.Release|Any CPU.ActiveCfg = Release|Any CPU
		{E6BF094B-D66F-4B4D-AB2F-5ED30464D70F}.Release|Any CPU.Build.0 = Release|Any CPU
		{08ED37FC-8D9D-443A-BC03-96E1669AB371}.Debug|Any CPU.ActiveCfg = Debug|Any CPU
		{08ED37FC-8D9D-443A-BC03-96E1669AB371}.Debug|Any CPU.Build.0 = Debug|Any CPU
		{08ED37FC-8D9D-443A-BC03-96E1669AB371}.Release|Any CPU.ActiveCfg = Release|Any CPU
		{08ED37FC-8D9D-443A-BC03-96E1669AB371}.Release|Any CPU.Build.0 = Release|Any CPU
		{35DD5771-E145-4300-AA2A-59A850C26BA7}.Debug|Any CPU.ActiveCfg = Debug|Any CPU
		{35DD5771-E145-4300-AA2A-59A850C26BA7}.Debug|Any CPU.Build.0 = Debug|Any CPU
		{35DD5771-E145-4300-AA2A-59A850C26BA7}.Release|Any CPU.ActiveCfg = Release|Any CPU
		{35DD5771-E145-4300-AA2A-59A850C26BA7}.Release|Any CPU.Build.0 = Release|Any CPU
		{49103B40-0EF8-431F-9524-B999ECE6DA67}.Debug|Any CPU.ActiveCfg = Debug|Any CPU
		{49103B40-0EF8-431F-9524-B999ECE6DA67}.Debug|Any CPU.Build.0 = Debug|Any CPU
		{49103B40-0EF8-431F-9524-B999ECE6DA67}.Release|Any CPU.ActiveCfg = Release|Any CPU
		{49103B40-0EF8-431F-9524-B999ECE6DA67}.Release|Any CPU.Build.0 = Release|Any CPU
		{D0FD112F-A337-4028-B8D4-105D48FF9BFB}.Debug|Any CPU.ActiveCfg = Debug|Any CPU
		{D0FD112F-A337-4028-B8D4-105D48FF9BFB}.Debug|Any CPU.Build.0 = Debug|Any CPU
		{D0FD112F-A337-4028-B8D4-105D48FF9BFB}.Release|Any CPU.ActiveCfg = Release|Any CPU
		{D0FD112F-A337-4028-B8D4-105D48FF9BFB}.Release|Any CPU.Build.0 = Release|Any CPU
		{D3E2AD08-70DF-42CD-A159-C2257825B7EB}.Debug|Any CPU.ActiveCfg = Debug|Any CPU
		{D3E2AD08-70DF-42CD-A159-C2257825B7EB}.Debug|Any CPU.Build.0 = Debug|Any CPU
		{D3E2AD08-70DF-42CD-A159-C2257825B7EB}.Release|Any CPU.ActiveCfg = Release|Any CPU
		{D3E2AD08-70DF-42CD-A159-C2257825B7EB}.Release|Any CPU.Build.0 = Release|Any CPU
		{8DAFDFAF-4DC0-45F0-8F49-EAE3E09647AD}.Debug|Any CPU.ActiveCfg = Debug|Any CPU
		{8DAFDFAF-4DC0-45F0-8F49-EAE3E09647AD}.Debug|Any CPU.Build.0 = Debug|Any CPU
		{8DAFDFAF-4DC0-45F0-8F49-EAE3E09647AD}.Release|Any CPU.ActiveCfg = Release|Any CPU
		{8DAFDFAF-4DC0-45F0-8F49-EAE3E09647AD}.Release|Any CPU.Build.0 = Release|Any CPU
		{0CD6C6C1-DC97-4710-88A3-902C880030FD}.Debug|Any CPU.ActiveCfg = Debug|Any CPU
		{0CD6C6C1-DC97-4710-88A3-902C880030FD}.Debug|Any CPU.Build.0 = Debug|Any CPU
		{0CD6C6C1-DC97-4710-88A3-902C880030FD}.Release|Any CPU.ActiveCfg = Release|Any CPU
		{0CD6C6C1-DC97-4710-88A3-902C880030FD}.Release|Any CPU.Build.0 = Release|Any CPU
		{E2F16C8F-3A3A-4A8F-B83A-3AD49A4CB59E}.Debug|Any CPU.ActiveCfg = Debug|Any CPU
		{E2F16C8F-3A3A-4A8F-B83A-3AD49A4CB59E}.Debug|Any CPU.Build.0 = Debug|Any CPU
		{E2F16C8F-3A3A-4A8F-B83A-3AD49A4CB59E}.Release|Any CPU.ActiveCfg = Release|Any CPU
		{E2F16C8F-3A3A-4A8F-B83A-3AD49A4CB59E}.Release|Any CPU.Build.0 = Release|Any CPU
		{5F53AC35-37EC-406F-9DA0-4C4428CBFAA8}.Debug|Any CPU.ActiveCfg = Debug|Any CPU
		{5F53AC35-37EC-406F-9DA0-4C4428CBFAA8}.Debug|Any CPU.Build.0 = Debug|Any CPU
		{5F53AC35-37EC-406F-9DA0-4C4428CBFAA8}.Release|Any CPU.ActiveCfg = Release|Any CPU
		{5F53AC35-37EC-406F-9DA0-4C4428CBFAA8}.Release|Any CPU.Build.0 = Release|Any CPU
	EndGlobalSection
	GlobalSection(SolutionProperties) = preSolution
		HideSolutionNode = FALSE
	EndGlobalSection
	GlobalSection(NestedProjects) = preSolution
		{E6BF094B-D66F-4B4D-AB2F-5ED30464D70F} = {405A61FF-0397-407B-8974-92F87F22CD90}
		{08ED37FC-8D9D-443A-BC03-96E1669AB371} = {405A61FF-0397-407B-8974-92F87F22CD90}
		{35DD5771-E145-4300-AA2A-59A850C26BA7} = {843E122D-D6E0-4565-8888-CB342AECE0A9}
		{49103B40-0EF8-431F-9524-B999ECE6DA67} = {843E122D-D6E0-4565-8888-CB342AECE0A9}
		{D0FD112F-A337-4028-B8D4-105D48FF9BFB} = {53C31165-B3FF-46E0-97D0-2398181AF366}
		{D3E2AD08-70DF-42CD-A159-C2257825B7EB} = {53C31165-B3FF-46E0-97D0-2398181AF366}
		{8DAFDFAF-4DC0-45F0-8F49-EAE3E09647AD} = {2503A071-3C5D-413F-961E-D5F660089D66}
		{0CD6C6C1-DC97-4710-88A3-902C880030FD} = {2503A071-3C5D-413F-961E-D5F660089D66}
		{E2F16C8F-3A3A-4A8F-B83A-3AD49A4CB59E} = {912F0AEB-158E-4F82-8DFC-600F7A7E4DA1}
		{5F53AC35-37EC-406F-9DA0-4C4428CBFAA8} = {912F0AEB-158E-4F82-8DFC-600F7A7E4DA1}
	EndGlobalSection
	GlobalSection(ExtensibilityGlobals) = postSolution
		SolutionGuid = {31A04FEB-B48D-4E33-8F14-577B8329635A}
	EndGlobalSection
EndGlobal
